{
  "nodes": {
    "envycontrol": {
      "inputs": {
        "nixpkgs": "nixpkgs"
      },
      "locked": {
        "lastModified": 1722028859,
        "narHash": "sha256-guTD8Pgdh3w/CXq6ssFL/h6DEXVhMUGmuuvCNu8vh6M=",
        "owner": "bayasdev",
        "repo": "envycontrol",
        "rev": "45f5211fa410a4295cfa4e59d079f5e6990b0cf7",
        "type": "github"
      },
      "original": {
        "owner": "bayasdev",
        "repo": "envycontrol",
        "type": "github"
      }
    },
    "nixpkgs": {
      "locked": {
        "lastModified": 1723221148,
        "narHash": "sha256-7pjpeQlZUNQ4eeVntytU3jkw9dFK3k1Htgk2iuXjaD8=",
        "owner": "NixOS",
        "repo": "nixpkgs",
        "rev": "154bcb95ad51bc257c2ce4043a725de6ca700ef6",
        "type": "github"
      },
      "original": {
        "owner": "NixOS",
        "ref": "nixpkgs-unstable",
        "repo": "nixpkgs",
        "type": "github"
      }
    },
    "nixpkgs_2": {
      "locked": {
        "lastModified": 1722987190,
        "narHash": "sha256-68hmex5efCiM2aZlAAEcQgmFI4ZwWt8a80vOeB/5w3A=",
        "owner": "NixOS",
        "repo": "nixpkgs",
        "rev": "21cc704b5e918c5fbf4f9fff22b4ac2681706d90",
        "type": "github"
      },
      "original": {
        "owner": "NixOS",
        "ref": "nixos-24.05",
        "repo": "nixpkgs",
        "type": "github"
      }
    },
    "root": {
      "inputs": {
        "envycontrol": "envycontrol",
        "nixpkgs": "nixpkgs_2"
      }
    }
  },
  "root": "root",
  "version": 7
}
